
Microsoft Visual Studio Solution File, Format Version 12.00
# Visual Studio Version 16
VisualStudioVersion = 16.0.30011.22
MinimumVisualStudioVersion = 10.0.40219.1
Project("{9A19103F-16F7-4668-BE54-9A1E7A4F7556}") = "PromotionEngine", "PromotionEngine\PromotionEngine.csproj", "{963EFC7E-D758-4E9D-97E1-5501AFEE4500}"
EndProject
Project("{9A19103F-16F7-4668-BE54-9A1E7A4F7556}") = "PromotionEngine.Contracts", "PromotionEngine.Contracts\PromotionEngine.Contracts.csproj", "{070F0072-C7D8-41E0-ADD2-AF052AA63686}"
EndProject
Project("{9A19103F-16F7-4668-BE54-9A1E7A4F7556}") = "PromotionEngine.Handlers", "PromotionEngine.Handlers\PromotionEngine.Handlers.csproj", "{ABB82D86-5E22-4D80-B7F6-3CD397F1D4C2}"
EndProject
Project("{9A19103F-16F7-4668-BE54-9A1E7A4F7556}") = "PromotionEngine.Handlers.Tests", "PromotionEngine.Handlers.Tests\PromotionEngine.Handlers.Tests.csproj", "{F8C9289D-E9A4-437E-8F75-DCA9C2A0049B}"
EndProject
Project("{2150E333-8FDC-42A3-9474-1A3956D46DE8}") = "SolutionItems", "SolutionItems", "{2D65BC62-3869-4590-8C65-9F217C6E1A47}"
	ProjectSection(SolutionItems) = preProject
		nuget.config = nuget.config
	EndProjectSection
EndProject
Global
	GlobalSection(SolutionConfigurationPlatforms) = preSolution
		Debug|Any CPU = Debug|Any CPU
		Release|Any CPU = Release|Any CPU
	EndGlobalSection
	GlobalSection(ProjectConfigurationPlatforms) = postSolution
		{963EFC7E-D758-4E9D-97E1-5501AFEE4500}.Debug|Any CPU.ActiveCfg = Debug|Any CPU
		{963EFC7E-D758-4E9D-97E1-5501AFEE4500}.Debug|Any CPU.Build.0 = Debug|Any CPU
		{963EFC7E-D758-4E9D-97E1-5501AFEE4500}.Release|Any CPU.ActiveCfg = Release|Any CPU
		{963EFC7E-D758-4E9D-97E1-5501AFEE4500}.Release|Any CPU.Build.0 = Release|Any CPU
		{070F0072-C7D8-41E0-ADD2-AF052AA63686}.Debug|Any CPU.ActiveCfg = Debug|Any CPU
		{070F0072-C7D8-41E0-ADD2-AF052AA63686}.Debug|Any CPU.Build.0 = Debug|Any CPU
		{070F0072-C7D8-41E0-ADD2-AF052AA63686}.Release|Any CPU.ActiveCfg = Release|Any CPU
		{070F0072-C7D8-41E0-ADD2-AF052AA63686}.Release|Any CPU.Build.0 = Release|Any CPU
		{ABB82D86-5E22-4D80-B7F6-3CD397F1D4C2}.Debug|Any CPU.ActiveCfg = Debug|Any CPU
		{ABB82D86-5E22-4D80-B7F6-3CD397F1D4C2}.Debug|Any CPU.Build.0 = Debug|Any CPU
		{ABB82D86-5E22-4D80-B7F6-3CD397F1D4C2}.Release|Any CPU.ActiveCfg = Release|Any CPU
		{ABB82D86-5E22-4D80-B7F6-3CD397F1D4C2}.Release|Any CPU.Build.0 = Release|Any CPU
		{F8C9289D-E9A4-437E-8F75-DCA9C2A0049B}.Debug|Any CPU.ActiveCfg = Debug|Any CPU
		{F8C9289D-E9A4-437E-8F75-DCA9C2A0049B}.Debug|Any CPU.Build.0 = Debug|Any CPU
		{F8C9289D-E9A4-437E-8F75-DCA9C2A0049B}.Release|Any CPU.ActiveCfg = Release|Any CPU
		{F8C9289D-E9A4-437E-8F75-DCA9C2A0049B}.Release|Any CPU.Build.0 = Release|Any CPU
	EndGlobalSection
	GlobalSection(SolutionProperties) = preSolution
		HideSolutionNode = FALSE
	EndGlobalSection
	GlobalSection(ExtensibilityGlobals) = postSolution
		SolutionGuid = {C3B26970-8089-435F-B315-34EC55CAA454}
	EndGlobalSection
EndGlobal
